
Microsoft Visual Studio Solution File, Format Version 12.00
# Visual Studio 15
VisualStudioVersion = 15.0.28307.102
MinimumVisualStudioVersion = 10.0.40219.1
Project("{FAE04EC0-301F-11D3-BF4B-00C04F79EFBC}") = "NetCoreWithWebSocket", "NetCoreWithWebSocket\NetCoreWithWebSocket.csproj", "{00BDE3B2-68F1-4DBC-BC94-4E38D94508AD}"
EndProject
Global
	GlobalSection(SolutionConfigurationPlatforms) = preSolution
		Debug|Any CPU = Debug|Any CPU
		Release|Any CPU = Release|Any CPU
	EndGlobalSection
	GlobalSection(ProjectConfigurationPlatforms) = postSolution
		{00BDE3B2-68F1-4DBC-BC94-4E38D94508AD}.Debug|Any CPU.ActiveCfg = Debug|Any CPU
		{00BDE3B2-68F1-4DBC-BC94-4E38D94508AD}.Debug|Any CPU.Build.0 = Debug|Any CPU
		{00BDE3B2-68F1-4DBC-BC94-4E38D94508AD}.Release|Any CPU.ActiveCfg = Release|Any CPU
		{00BDE3B2-68F1-4DBC-BC94-4E38D94508AD}.Release|Any CPU.Build.0 = Release|Any CPU
	EndGlobalSection
	GlobalSection(SolutionProperties) = preSolution
		HideSolutionNode = FALSE
	EndGlobalSection
	GlobalSection(ExtensibilityGlobals) = postSolution
		SolutionGuid = {4FCDF5E4-EB7C-4073-9FFD-311E750CB4C6}
	EndGlobalSection
EndGlobal
